# This file is automatically @generated by Cargo.
# It is not intended for manual editing.
version = 4

[[package]]
name = "cfg-if"
version = "1.0.4"
source = "registry+https://github.com/rust-lang/crates.io-index"
checksum = "9330f8b2ff13f34540b44e946ef35111825727b38d33286ef986142615121801"

[[package]]
name = "crc"
version = "2.1.0"
source = "registry+https://github.com/rust-lang/crates.io-index"
checksum = "49fc9a695bca7f35f5f4c15cddc84415f66a74ea78eef08e90c5024f2b540e23"
dependencies = [
 "crc-catalog",
]

[[package]]
name = "crc-catalog"
version = "1.1.1"
source = "registry+https://github.com/rust-lang/crates.io-index"
checksum = "ccaeedb56da03b09f598226e25e80088cb4cd25f316e6e4df7d695f0feeb1403"

[[package]]
name = "crc32fast"
version = "1.5.0"
source = "registry+https://github.com/rust-lang/crates.io-index"
checksum = "9481c1c90cbf2ac953f07c8d4a58aa3945c425b7185c9154d67a65e4230da511"
dependencies = [
 "cfg-if",
]

[[package]]
name = "lnmp-codec"
version = "0.1.0"
dependencies = [
 "lnmp-core",
]

[[package]]
name = "lnmp-core"
version = "0.1.0"
dependencies = [
 "crc",
 "crc-catalog",
 "crc32fast",
]

[[package]]
name = "lnmp-examples"
version = "0.1.0"
dependencies = [
 "lnmp-codec",
 "lnmp-core",
 "lnmp-llb",
]

[[package]]
name = "lnmp-llb"
version = "0.3.0"
dependencies = [
 "lnmp-codec",
 "lnmp-core",
]
